{
  "name": "codi-test-framework",
  "version": "1.0.22",
  "lockfileVersion": 3,
  "requires": true,
  "packages": {
    "": {
      "name": "codi-test-framework",
      "version": "1.0.22",
      "license": "MIT",
      "dependencies": {
        "chalk": "^5.3.0",
        "codi-test-framework": "^1.0.18",
        "figlet": "^1.7.0"
      },
      "bin": {
        "codi": "cli.js"
      },
      "devDependencies": {
        "prettier": "^3.4.2"
      }
    },
    "node_modules/chalk": {
      "version": "5.3.0",
      "resolved": "https://registry.npmjs.org/chalk/-/chalk-5.3.0.tgz",
      "integrity": "sha512-dLitG79d+GV1Nb/VYcCDFivJeK1hiukt9QjRNVOsUtTy1rR1YJsmpGGTZ3qJos+uw7WmWF4wUwBd9jxjocFC2w==",
      "engines": {
        "node": "^12.17.0 || ^14.13 || >=16.0.0"
      },
      "funding": {
        "url": "https://github.com/chalk/chalk?sponsor=1"
      }
    },
    "node_modules/codi-test-framework": {
      "version": "1.0.18",
      "resolved": "https://registry.npmjs.org/codi-test-framework/-/codi-test-framework-1.0.18.tgz",
      "integrity": "sha512-z65bEoNLJLhc5mHjwtCFlYgc0Ks6/rDXcI5TZ6EcHM/7SdKjsb9eDo45zT3TyKlreR8QwSvBWZ0XK+33qSez3w==",
      "dependencies": {
        "chalk": "^5.3.0",
        "figlet": "^1.7.0"
      },
      "bin": {
        "codi": "cli.js"
      }
    },
    "node_modules/figlet": {
      "version": "1.7.0",
      "resolved": "https://registry.npmjs.org/figlet/-/figlet-1.7.0.tgz",
      "integrity": "sha512-gO8l3wvqo0V7wEFLXPbkX83b7MVjRrk1oRLfYlZXol8nEpb/ON9pcKLI4qpBv5YtOTfrINtqb7b40iYY2FTWFg==",
      "bin": {
        "figlet": "bin/index.js"
      },
      "engines": {
        "node": ">= 0.4.0"
      }
    },
    "node_modules/prettier": {
      "version": "3.4.2",
      "resolved": "https://registry.npmjs.org/prettier/-/prettier-3.4.2.tgz",
      "integrity": "sha512-e9MewbtFo+Fevyuxn/4rrcDAaq0IYxPGLvObpQjiZBMAzB9IGmzlnG9RZy3FFas+eBMu2vA0CszMeduow5dIuQ==",
      "dev": true,
      "bin": {
        "prettier": "bin/prettier.cjs"
      },
      "engines": {
        "node": ">=14"
      },
      "funding": {
        "url": "https://github.com/prettier/prettier?sponsor=1"
      }
    }
  }
}
